# This file is automatically @generated by Poetry 2.0.1 and should not be changed by hand.

[[package]]
name = "osbot-utils"
version = "3.63.0"
description = "OWASP Security Bot - Utils"
optional = false
python-versions = "<4.0,>=3.7"
groups = ["main"]
files = [
    {file = "osbot_utils-3.63.0-py3-none-any.whl", hash = "sha256:b4e47c8bb32abbc87a8c88d8e44c06e2d66c5349d9bdbe4044532b12b2707d63"},
    {file = "osbot_utils-3.63.0.tar.gz", hash = "sha256:2b26df9bb7f1f4134069f5ae63890c9c3a36e2bfa70844d36530ec987925cff5"},
]

[metadata]
lock-version = "2.1"
python-versions = "^3.11"
content-hash = "fde2b944dae976e0e216ccc51c5a28dd5630349291b06ca46ff7e12838cd0427"
