# This file is automatically @generated by Poetry 2.0.1 and should not be changed by hand.

[[package]]
name = "osbot-utils"
version = "2.57.0"
description = "OWASP Security Bot - Utils"
optional = false
python-versions = "<4.0,>=3.7"
groups = ["main"]
files = [
    {file = "osbot_utils-2.57.0-py3-none-any.whl", hash = "sha256:5412fc3f7f7de9301a61024fa0c8821c518fa4f33d029d861b863139aad6457b"},
    {file = "osbot_utils-2.57.0.tar.gz", hash = "sha256:8cd4ff3383ad6c25e23778876c65fa73c8313250983d8edff842136bc0b05bb5"},
]

[metadata]
lock-version = "2.1"
python-versions = "^3.11"
content-hash = "fde2b944dae976e0e216ccc51c5a28dd5630349291b06ca46ff7e12838cd0427"
