# This file is automatically @generated by Poetry 2.0.1 and should not be changed by hand.

[[package]]
name = "osbot-utils"
version = "3.41.0"
description = "OWASP Security Bot - Utils"
optional = false
python-versions = "<4.0,>=3.7"
groups = ["main"]
files = [
    {file = "osbot_utils-3.41.0-py3-none-any.whl", hash = "sha256:50ba6cfac4f3c7cc0226303433cdd9f4ff614c60a1269d686dd084dd632e3c3d"},
    {file = "osbot_utils-3.41.0.tar.gz", hash = "sha256:d4040964199acc13a7d58315aad11a50f64486512f8c2c3823190542b20b25b4"},
]

[metadata]
lock-version = "2.1"
python-versions = "^3.11"
content-hash = "fde2b944dae976e0e216ccc51c5a28dd5630349291b06ca46ff7e12838cd0427"
